
Microsoft Visual Studio Solution File, Format Version 12.00
# Visual Studio Version 16
VisualStudioVersion = 16.0.28803.452
MinimumVisualStudioVersion = 10.0.40219.1
Project("{2150E333-8FDC-42A3-9474-1A3956D46DE8}") = "src", "src", "{C9BFDDC4-5671-47A3-B57D-197C2A51FA8A}"
EndProject
Project("{2150E333-8FDC-42A3-9474-1A3956D46DE8}") = "Solution Items", "Solution Items", "{0FA25035-EF21-45F1-BEB4-C57BCF5F9A83}"
	ProjectSection(SolutionItems) = preProject
		.editorconfig = .editorconfig
		TODOs.cs = TODOs.cs
	EndProjectSection
EndProject
Project("{2150E333-8FDC-42A3-9474-1A3956D46DE8}") = "Modules", "Modules", "{7EFA2FA7-32DD-4047-B021-50E77A83D714}"
	ProjectSection(SolutionItems) = preProject
		src\Modules\Directory.Build.props = src\Modules\Directory.Build.props
	EndProjectSection
EndProject
Project("{2150E333-8FDC-42A3-9474-1A3956D46DE8}") = "Database", "Database", "{0A27C140-4CCB-40DD-BE48-F5DE16D1177B}"
	ProjectSection(SolutionItems) = preProject
		src\Database\Countries.sql = src\Database\Countries.sql
		src\Database\StaticData-BR.sql = src\Database\StaticData-BR.sql
		src\Database\StaticData-CN.sql = src\Database\StaticData-CN.sql
		src\Database\StaticData-DE.sql = src\Database\StaticData-DE.sql
		src\Database\StaticData-ES.sql = src\Database\StaticData-ES.sql
		src\Database\StaticData-FR.sql = src\Database\StaticData-FR.sql
		src\Database\StaticData-GB.sql = src\Database\StaticData-GB.sql
		src\Database\StaticData-IR.sql = src\Database\StaticData-IR.sql
		src\Database\StaticData-KR.sql = src\Database\StaticData-KR.sql
		src\Database\StaticData-RU.sql = src\Database\StaticData-RU.sql
		src\Database\StaticData-TN.sql = src\Database\StaticData-TN.sql
		src\Database\StaticData-TR.sql = src\Database\StaticData-TR.sql
		src\Database\StaticData-UA.sql = src\Database\StaticData-UA.sql
		src\Database\StaticData-US.sql = src\Database\StaticData-US.sql
		src\Database\StaticData-VN.sql = src\Database\StaticData-VN.sql
	EndProjectSection
EndProject
Project("{9A19103F-16F7-4668-BE54-9A1E7A4F7556}") = "SimplCommerce.WebHost", "src\SimplCommerce.WebHost\SimplCommerce.WebHost.csproj", "{13367B7A-E91C-47EE-BA5E-C50664D65767}"
EndProject
Project("{9A19103F-16F7-4668-BE54-9A1E7A4F7556}") = "SimplCommerce.Infrastructure", "src\SimplCommerce.Infrastructure\SimplCommerce.Infrastructure.csproj", "{9C156841-9389-4840-82CB-D5A4ED9A6A00}"
EndProject
Project("{9A19103F-16F7-4668-BE54-9A1E7A4F7556}") = "SimplCommerce.Module.SampleData", "src\Modules\SimplCommerce.Module.SampleData\SimplCommerce.Module.SampleData.csproj", "{DD1206C1-FC00-44EF-B8BF-0376DAEF4DD7}"
EndProject
Project("{2150E333-8FDC-42A3-9474-1A3956D46DE8}") = "test", "test", "{D9FD9ABA-AE5E-4427-AA6B-6285BE2E212D}"
EndProject
Project("{9A19103F-16F7-4668-BE54-9A1E7A4F7556}") = "SimplCommerce.Module.EmailSenderSmtp", "src\Modules\SimplCommerce.Module.EmailSenderSmtp\SimplCommerce.Module.EmailSenderSmtp.csproj", "{254FDE42-A570-4702-9470-8035533292F6}"
EndProject
Project("{9A19103F-16F7-4668-BE54-9A1E7A4F7556}") = "SimplCommerce.Module.EmailSenderSendgrid", "src\Modules\SimplCommerce.Module.EmailSenderSendgrid\SimplCommerce.Module.EmailSenderSendgrid.csproj", "{1D92B2D6-2438-4843-8ABF-38A289FFF7C4}"
EndProject
Project("{9A19103F-16F7-4668-BE54-9A1E7A4F7556}") = "SimplCommerce.Module.DinkToPdf", "src\Modules\SimplCommerce.Module.DinkToPdf\SimplCommerce.Module.DinkToPdf.csproj", "{EB2D720D-E784-4A21-A638-ACD462167FDF}"
EndProject
Project("{2150E333-8FDC-42A3-9474-1A3956D46DE8}") = "MySql", "MySql", "{1A8B6FA0-8341-4D27-9B71-57F70AB37571}"
	ProjectSection(SolutionItems) = preProject
		src\Database\MySql\StaticData-GB.sql = src\Database\MySql\StaticData-GB.sql
	EndProjectSection
EndProject
Project("{9A19103F-16F7-4668-BE54-9A1E7A4F7556}") = "StormyCommerce.Core", "src\StormyCommerce.Core\StormyCommerce.Core.csproj", "{2D7E39C4-731C-48D5-9056-9ECADFC8E810}"
EndProject
Project("{9A19103F-16F7-4668-BE54-9A1E7A4F7556}") = "StormyCommerce.Infraestructure", "src\StormyCommerce.Infraestructure\StormyCommerce.Infraestructure.csproj", "{3B6136F3-60EC-4F97-8953-4F571AB212F8}"
EndProject
Project("{9A19103F-16F7-4668-BE54-9A1E7A4F7556}") = "StormyCommerce.Module.Catalog", "src\Modules\StormyCommerce.Module.Catalog\StormyCommerce.Module.Catalog.csproj", "{BBC7FFB7-F8BB-44E9-83B7-CD1F089A60CE}"
EndProject
Project("{9A19103F-16F7-4668-BE54-9A1E7A4F7556}") = "StormyCommerce.Api.Framework", "src\StormyCommerce.Api.Framework\StormyCommerce.Api.Framework.csproj", "{8132424D-8A37-48FC-9ED7-38C68F176411}"
EndProject
Project("{9A19103F-16F7-4668-BE54-9A1E7A4F7556}") = "TestHelperLibrary", "test\Infraestructure\TestHelperLibrary\TestHelperLibrary.csproj", "{47F2FCC8-E242-4BA2-B50E-6729A9830018}"
EndProject
Project("{2150E333-8FDC-42A3-9474-1A3956D46DE8}") = "Infraestructure", "Infraestructure", "{33B67BA0-9CBD-11E9-8E7A-696446151B66}"
	ProjectSection(SolutionItems) = preProject
		test\StormyCommerce.Modules.Test\appsettings.json = test\StormyCommerce.Modules.Test\appsettings.json
		test\StormyCommerce.Modules.Test\modules.json = test\StormyCommerce.Modules.Test\modules.json
	EndProjectSection
EndProject
Project("{9A19103F-16F7-4668-BE54-9A1E7A4F7556}") = "StormyCommerce.Module.Customer", "src\Modules\StormyCommerce.Module.Customer\StormyCommerce.Module.Customer.csproj", "{0DA8BAE0-88E6-489C-912A-5C39CA21CCE7}"
EndProject
Project("{9A19103F-16F7-4668-BE54-9A1E7A4F7556}") = "StormyCommerce.Module.Orders", "src\Modules\StormyCommerce.Module.Orders\StormyCommerce.Module.Orders.csproj", "{E0F72A3A-B9C9-46C2-9900-DF21D852D0C1}"
EndProject
Project("{E53339B2-1760-4266-BCC7-CA923CBCF16C}") = "docker-compose", "docker-compose.dcproj", "{87A7C4D4-82A5-4920-B89F-DC061D46D537}"
EndProject
Project("{9A19103F-16F7-4668-BE54-9A1E7A4F7556}") = "StormyCommerce.Api.Client", "src\StormyCommerce.Api.Client\StormyCommerce.Api.Client.csproj", "{987EA34B-3680-44DE-8401-B199296D4B92}"
EndProject
Project("{9A19103F-16F7-4668-BE54-9A1E7A4F7556}") = "StormyCommerce.Modules.Tests", "test\StormyCommerce.Modules.Test\StormyCommerce.Modules.Tests.csproj", "{0D4EF064-63C6-4C3B-B0A6-2A4EE16F27BE}"
EndProject
Project("{2150E333-8FDC-42A3-9474-1A3956D46DE8}") = "Seed", "Seed", "{7515A970-0312-11EA-8E61-45B24A83BDBF}"
EndProject
Project("{2150E333-8FDC-42A3-9474-1A3956D46DE8}") = "Libraries", "Libraries", "{2D78692C-2A54-4E68-8373-3E5C11799004}"
EndProject
Project("{2150E333-8FDC-42A3-9474-1A3956D46DE8}") = "Presentation", "Presentation", "{20F29342-7D2A-4E10-8D34-68E90FB857AC}"
EndProject
Project("{FAE04EC0-301F-11D3-BF4B-00C04F79EFBC}") = "StormyCommerce.Api.Tests", "test\StormyCommerce.Api.Tests\StormyCommerce.Api.Tests.csproj", "{7ECCEA28-A096-496B-BFA1-DB752C329C2B}"
EndProject
Global
	GlobalSection(SolutionConfigurationPlatforms) = preSolution
		Debug|Any CPU = Debug|Any CPU
		Debug|x64 = Debug|x64
		Debug|x86 = Debug|x86
		Release|Any CPU = Release|Any CPU
		Release|x64 = Release|x64
		Release|x86 = Release|x86
	EndGlobalSection
	GlobalSection(ProjectConfigurationPlatforms) = postSolution
		{13367B7A-E91C-47EE-BA5E-C50664D65767}.Debug|Any CPU.ActiveCfg = Debug|Any CPU
		{13367B7A-E91C-47EE-BA5E-C50664D65767}.Debug|Any CPU.Build.0 = Debug|Any CPU
		{13367B7A-E91C-47EE-BA5E-C50664D65767}.Debug|x64.ActiveCfg = Debug|Any CPU
		{13367B7A-E91C-47EE-BA5E-C50664D65767}.Debug|x64.Build.0 = Debug|Any CPU
		{13367B7A-E91C-47EE-BA5E-C50664D65767}.Debug|x86.ActiveCfg = Debug|Any CPU
		{13367B7A-E91C-47EE-BA5E-C50664D65767}.Debug|x86.Build.0 = Debug|Any CPU
		{13367B7A-E91C-47EE-BA5E-C50664D65767}.Release|Any CPU.ActiveCfg = Release|Any CPU
		{13367B7A-E91C-47EE-BA5E-C50664D65767}.Release|Any CPU.Build.0 = Release|Any CPU
		{13367B7A-E91C-47EE-BA5E-C50664D65767}.Release|x64.ActiveCfg = Release|Any CPU
		{13367B7A-E91C-47EE-BA5E-C50664D65767}.Release|x64.Build.0 = Release|Any CPU
		{13367B7A-E91C-47EE-BA5E-C50664D65767}.Release|x86.ActiveCfg = Release|Any CPU
		{13367B7A-E91C-47EE-BA5E-C50664D65767}.Release|x86.Build.0 = Release|Any CPU
		{9C156841-9389-4840-82CB-D5A4ED9A6A00}.Debug|Any CPU.ActiveCfg = Debug|Any CPU
		{9C156841-9389-4840-82CB-D5A4ED9A6A00}.Debug|Any CPU.Build.0 = Debug|Any CPU
		{9C156841-9389-4840-82CB-D5A4ED9A6A00}.Debug|x64.ActiveCfg = Debug|Any CPU
		{9C156841-9389-4840-82CB-D5A4ED9A6A00}.Debug|x64.Build.0 = Debug|Any CPU
		{9C156841-9389-4840-82CB-D5A4ED9A6A00}.Debug|x86.ActiveCfg = Debug|Any CPU
		{9C156841-9389-4840-82CB-D5A4ED9A6A00}.Debug|x86.Build.0 = Debug|Any CPU
		{9C156841-9389-4840-82CB-D5A4ED9A6A00}.Release|Any CPU.ActiveCfg = Release|Any CPU
		{9C156841-9389-4840-82CB-D5A4ED9A6A00}.Release|Any CPU.Build.0 = Release|Any CPU
		{9C156841-9389-4840-82CB-D5A4ED9A6A00}.Release|x64.ActiveCfg = Release|Any CPU
		{9C156841-9389-4840-82CB-D5A4ED9A6A00}.Release|x64.Build.0 = Release|Any CPU
		{9C156841-9389-4840-82CB-D5A4ED9A6A00}.Release|x86.ActiveCfg = Release|Any CPU
		{9C156841-9389-4840-82CB-D5A4ED9A6A00}.Release|x86.Build.0 = Release|Any CPU
		{DD1206C1-FC00-44EF-B8BF-0376DAEF4DD7}.Debug|Any CPU.ActiveCfg = Debug|Any CPU
		{DD1206C1-FC00-44EF-B8BF-0376DAEF4DD7}.Debug|Any CPU.Build.0 = Debug|Any CPU
		{DD1206C1-FC00-44EF-B8BF-0376DAEF4DD7}.Debug|x64.ActiveCfg = Debug|Any CPU
		{DD1206C1-FC00-44EF-B8BF-0376DAEF4DD7}.Debug|x64.Build.0 = Debug|Any CPU
		{DD1206C1-FC00-44EF-B8BF-0376DAEF4DD7}.Debug|x86.ActiveCfg = Debug|Any CPU
		{DD1206C1-FC00-44EF-B8BF-0376DAEF4DD7}.Debug|x86.Build.0 = Debug|Any CPU
		{DD1206C1-FC00-44EF-B8BF-0376DAEF4DD7}.Release|Any CPU.ActiveCfg = Release|Any CPU
		{DD1206C1-FC00-44EF-B8BF-0376DAEF4DD7}.Release|Any CPU.Build.0 = Release|Any CPU
		{DD1206C1-FC00-44EF-B8BF-0376DAEF4DD7}.Release|x64.ActiveCfg = Release|Any CPU
		{DD1206C1-FC00-44EF-B8BF-0376DAEF4DD7}.Release|x64.Build.0 = Release|Any CPU
		{DD1206C1-FC00-44EF-B8BF-0376DAEF4DD7}.Release|x86.ActiveCfg = Release|Any CPU
		{DD1206C1-FC00-44EF-B8BF-0376DAEF4DD7}.Release|x86.Build.0 = Release|Any CPU
		{254FDE42-A570-4702-9470-8035533292F6}.Debug|Any CPU.ActiveCfg = Debug|Any CPU
		{254FDE42-A570-4702-9470-8035533292F6}.Debug|Any CPU.Build.0 = Debug|Any CPU
		{254FDE42-A570-4702-9470-8035533292F6}.Debug|x64.ActiveCfg = Debug|Any CPU
		{254FDE42-A570-4702-9470-8035533292F6}.Debug|x64.Build.0 = Debug|Any CPU
		{254FDE42-A570-4702-9470-8035533292F6}.Debug|x86.ActiveCfg = Debug|Any CPU
		{254FDE42-A570-4702-9470-8035533292F6}.Debug|x86.Build.0 = Debug|Any CPU
		{254FDE42-A570-4702-9470-8035533292F6}.Release|Any CPU.ActiveCfg = Release|Any CPU
		{254FDE42-A570-4702-9470-8035533292F6}.Release|Any CPU.Build.0 = Release|Any CPU
		{254FDE42-A570-4702-9470-8035533292F6}.Release|x64.ActiveCfg = Release|Any CPU
		{254FDE42-A570-4702-9470-8035533292F6}.Release|x64.Build.0 = Release|Any CPU
		{254FDE42-A570-4702-9470-8035533292F6}.Release|x86.ActiveCfg = Release|Any CPU
		{254FDE42-A570-4702-9470-8035533292F6}.Release|x86.Build.0 = Release|Any CPU
		{1D92B2D6-2438-4843-8ABF-38A289FFF7C4}.Debug|Any CPU.ActiveCfg = Debug|Any CPU
		{1D92B2D6-2438-4843-8ABF-38A289FFF7C4}.Debug|Any CPU.Build.0 = Debug|Any CPU
		{1D92B2D6-2438-4843-8ABF-38A289FFF7C4}.Debug|x64.ActiveCfg = Debug|Any CPU
		{1D92B2D6-2438-4843-8ABF-38A289FFF7C4}.Debug|x64.Build.0 = Debug|Any CPU
		{1D92B2D6-2438-4843-8ABF-38A289FFF7C4}.Debug|x86.ActiveCfg = Debug|Any CPU
		{1D92B2D6-2438-4843-8ABF-38A289FFF7C4}.Debug|x86.Build.0 = Debug|Any CPU
		{1D92B2D6-2438-4843-8ABF-38A289FFF7C4}.Release|Any CPU.ActiveCfg = Release|Any CPU
		{1D92B2D6-2438-4843-8ABF-38A289FFF7C4}.Release|Any CPU.Build.0 = Release|Any CPU
		{1D92B2D6-2438-4843-8ABF-38A289FFF7C4}.Release|x64.ActiveCfg = Release|Any CPU
		{1D92B2D6-2438-4843-8ABF-38A289FFF7C4}.Release|x64.Build.0 = Release|Any CPU
		{1D92B2D6-2438-4843-8ABF-38A289FFF7C4}.Release|x86.ActiveCfg = Release|Any CPU
		{1D92B2D6-2438-4843-8ABF-38A289FFF7C4}.Release|x86.Build.0 = Release|Any CPU
		{EB2D720D-E784-4A21-A638-ACD462167FDF}.Debug|Any CPU.ActiveCfg = Debug|Any CPU
		{EB2D720D-E784-4A21-A638-ACD462167FDF}.Debug|Any CPU.Build.0 = Debug|Any CPU
		{EB2D720D-E784-4A21-A638-ACD462167FDF}.Debug|x64.ActiveCfg = Debug|Any CPU
		{EB2D720D-E784-4A21-A638-ACD462167FDF}.Debug|x64.Build.0 = Debug|Any CPU
		{EB2D720D-E784-4A21-A638-ACD462167FDF}.Debug|x86.ActiveCfg = Debug|Any CPU
		{EB2D720D-E784-4A21-A638-ACD462167FDF}.Debug|x86.Build.0 = Debug|Any CPU
		{EB2D720D-E784-4A21-A638-ACD462167FDF}.Release|Any CPU.ActiveCfg = Release|Any CPU
		{EB2D720D-E784-4A21-A638-ACD462167FDF}.Release|Any CPU.Build.0 = Release|Any CPU
		{EB2D720D-E784-4A21-A638-ACD462167FDF}.Release|x64.ActiveCfg = Release|Any CPU
		{EB2D720D-E784-4A21-A638-ACD462167FDF}.Release|x64.Build.0 = Release|Any CPU
		{EB2D720D-E784-4A21-A638-ACD462167FDF}.Release|x86.ActiveCfg = Release|Any CPU
		{EB2D720D-E784-4A21-A638-ACD462167FDF}.Release|x86.Build.0 = Release|Any CPU
		{2D7E39C4-731C-48D5-9056-9ECADFC8E810}.Debug|Any CPU.ActiveCfg = Debug|Any CPU
		{2D7E39C4-731C-48D5-9056-9ECADFC8E810}.Debug|Any CPU.Build.0 = Debug|Any CPU
		{2D7E39C4-731C-48D5-9056-9ECADFC8E810}.Debug|x64.ActiveCfg = Debug|Any CPU
		{2D7E39C4-731C-48D5-9056-9ECADFC8E810}.Debug|x64.Build.0 = Debug|Any CPU
		{2D7E39C4-731C-48D5-9056-9ECADFC8E810}.Debug|x86.ActiveCfg = Debug|Any CPU
		{2D7E39C4-731C-48D5-9056-9ECADFC8E810}.Debug|x86.Build.0 = Debug|Any CPU
		{2D7E39C4-731C-48D5-9056-9ECADFC8E810}.Release|Any CPU.ActiveCfg = Release|Any CPU
		{2D7E39C4-731C-48D5-9056-9ECADFC8E810}.Release|Any CPU.Build.0 = Release|Any CPU
		{2D7E39C4-731C-48D5-9056-9ECADFC8E810}.Release|x64.ActiveCfg = Release|Any CPU
		{2D7E39C4-731C-48D5-9056-9ECADFC8E810}.Release|x64.Build.0 = Release|Any CPU
		{2D7E39C4-731C-48D5-9056-9ECADFC8E810}.Release|x86.ActiveCfg = Release|Any CPU
		{2D7E39C4-731C-48D5-9056-9ECADFC8E810}.Release|x86.Build.0 = Release|Any CPU
		{3B6136F3-60EC-4F97-8953-4F571AB212F8}.Debug|Any CPU.ActiveCfg = Debug|Any CPU
		{3B6136F3-60EC-4F97-8953-4F571AB212F8}.Debug|Any CPU.Build.0 = Debug|Any CPU
		{3B6136F3-60EC-4F97-8953-4F571AB212F8}.Debug|x64.ActiveCfg = Debug|Any CPU
		{3B6136F3-60EC-4F97-8953-4F571AB212F8}.Debug|x64.Build.0 = Debug|Any CPU
		{3B6136F3-60EC-4F97-8953-4F571AB212F8}.Debug|x86.ActiveCfg = Debug|Any CPU
		{3B6136F3-60EC-4F97-8953-4F571AB212F8}.Debug|x86.Build.0 = Debug|Any CPU
		{3B6136F3-60EC-4F97-8953-4F571AB212F8}.Release|Any CPU.ActiveCfg = Release|Any CPU
		{3B6136F3-60EC-4F97-8953-4F571AB212F8}.Release|Any CPU.Build.0 = Release|Any CPU
		{3B6136F3-60EC-4F97-8953-4F571AB212F8}.Release|x64.ActiveCfg = Release|Any CPU
		{3B6136F3-60EC-4F97-8953-4F571AB212F8}.Release|x64.Build.0 = Release|Any CPU
		{3B6136F3-60EC-4F97-8953-4F571AB212F8}.Release|x86.ActiveCfg = Release|Any CPU
		{3B6136F3-60EC-4F97-8953-4F571AB212F8}.Release|x86.Build.0 = Release|Any CPU
		{BBC7FFB7-F8BB-44E9-83B7-CD1F089A60CE}.Debug|Any CPU.ActiveCfg = Debug|Any CPU
		{BBC7FFB7-F8BB-44E9-83B7-CD1F089A60CE}.Debug|Any CPU.Build.0 = Debug|Any CPU
		{BBC7FFB7-F8BB-44E9-83B7-CD1F089A60CE}.Debug|x64.ActiveCfg = Debug|Any CPU
		{BBC7FFB7-F8BB-44E9-83B7-CD1F089A60CE}.Debug|x64.Build.0 = Debug|Any CPU
		{BBC7FFB7-F8BB-44E9-83B7-CD1F089A60CE}.Debug|x86.ActiveCfg = Debug|Any CPU
		{BBC7FFB7-F8BB-44E9-83B7-CD1F089A60CE}.Debug|x86.Build.0 = Debug|Any CPU
		{BBC7FFB7-F8BB-44E9-83B7-CD1F089A60CE}.Release|Any CPU.ActiveCfg = Release|Any CPU
		{BBC7FFB7-F8BB-44E9-83B7-CD1F089A60CE}.Release|Any CPU.Build.0 = Release|Any CPU
		{BBC7FFB7-F8BB-44E9-83B7-CD1F089A60CE}.Release|x64.ActiveCfg = Release|Any CPU
		{BBC7FFB7-F8BB-44E9-83B7-CD1F089A60CE}.Release|x64.Build.0 = Release|Any CPU
		{BBC7FFB7-F8BB-44E9-83B7-CD1F089A60CE}.Release|x86.ActiveCfg = Release|Any CPU
		{BBC7FFB7-F8BB-44E9-83B7-CD1F089A60CE}.Release|x86.Build.0 = Release|Any CPU
		{8132424D-8A37-48FC-9ED7-38C68F176411}.Debug|Any CPU.ActiveCfg = Debug|Any CPU
		{8132424D-8A37-48FC-9ED7-38C68F176411}.Debug|Any CPU.Build.0 = Debug|Any CPU
		{8132424D-8A37-48FC-9ED7-38C68F176411}.Debug|x64.ActiveCfg = Debug|Any CPU
		{8132424D-8A37-48FC-9ED7-38C68F176411}.Debug|x64.Build.0 = Debug|Any CPU
		{8132424D-8A37-48FC-9ED7-38C68F176411}.Debug|x86.ActiveCfg = Debug|Any CPU
		{8132424D-8A37-48FC-9ED7-38C68F176411}.Debug|x86.Build.0 = Debug|Any CPU
		{8132424D-8A37-48FC-9ED7-38C68F176411}.Release|Any CPU.ActiveCfg = Release|Any CPU
		{8132424D-8A37-48FC-9ED7-38C68F176411}.Release|Any CPU.Build.0 = Release|Any CPU
		{8132424D-8A37-48FC-9ED7-38C68F176411}.Release|x64.ActiveCfg = Release|Any CPU
		{8132424D-8A37-48FC-9ED7-38C68F176411}.Release|x64.Build.0 = Release|Any CPU
		{8132424D-8A37-48FC-9ED7-38C68F176411}.Release|x86.ActiveCfg = Release|Any CPU
		{8132424D-8A37-48FC-9ED7-38C68F176411}.Release|x86.Build.0 = Release|Any CPU
		{47F2FCC8-E242-4BA2-B50E-6729A9830018}.Debug|Any CPU.ActiveCfg = Debug|Any CPU
		{47F2FCC8-E242-4BA2-B50E-6729A9830018}.Debug|Any CPU.Build.0 = Debug|Any CPU
		{47F2FCC8-E242-4BA2-B50E-6729A9830018}.Debug|x64.ActiveCfg = Debug|Any CPU
		{47F2FCC8-E242-4BA2-B50E-6729A9830018}.Debug|x64.Build.0 = Debug|Any CPU
		{47F2FCC8-E242-4BA2-B50E-6729A9830018}.Debug|x86.ActiveCfg = Debug|Any CPU
		{47F2FCC8-E242-4BA2-B50E-6729A9830018}.Debug|x86.Build.0 = Debug|Any CPU
		{47F2FCC8-E242-4BA2-B50E-6729A9830018}.Release|Any CPU.ActiveCfg = Release|Any CPU
		{47F2FCC8-E242-4BA2-B50E-6729A9830018}.Release|Any CPU.Build.0 = Release|Any CPU
		{47F2FCC8-E242-4BA2-B50E-6729A9830018}.Release|x64.ActiveCfg = Release|Any CPU
		{47F2FCC8-E242-4BA2-B50E-6729A9830018}.Release|x64.Build.0 = Release|Any CPU
		{47F2FCC8-E242-4BA2-B50E-6729A9830018}.Release|x86.ActiveCfg = Release|Any CPU
		{0DA8BAE0-88E6-489C-912A-5C39CA21CCE7}.Debug|Any CPU.ActiveCfg = Debug|Any CPU
		{0DA8BAE0-88E6-489C-912A-5C39CA21CCE7}.Debug|Any CPU.Build.0 = Debug|Any CPU
		{0DA8BAE0-88E6-489C-912A-5C39CA21CCE7}.Debug|x64.ActiveCfg = Debug|Any CPU
		{0DA8BAE0-88E6-489C-912A-5C39CA21CCE7}.Debug|x64.Build.0 = Debug|Any CPU
		{0DA8BAE0-88E6-489C-912A-5C39CA21CCE7}.Debug|x86.ActiveCfg = Debug|Any CPU
		{0DA8BAE0-88E6-489C-912A-5C39CA21CCE7}.Debug|x86.Build.0 = Debug|Any CPU
		{0DA8BAE0-88E6-489C-912A-5C39CA21CCE7}.Release|Any CPU.ActiveCfg = Release|Any CPU
		{0DA8BAE0-88E6-489C-912A-5C39CA21CCE7}.Release|Any CPU.Build.0 = Release|Any CPU
		{0DA8BAE0-88E6-489C-912A-5C39CA21CCE7}.Release|x64.ActiveCfg = Release|Any CPU
		{0DA8BAE0-88E6-489C-912A-5C39CA21CCE7}.Release|x64.Build.0 = Release|Any CPU
		{0DA8BAE0-88E6-489C-912A-5C39CA21CCE7}.Release|x86.ActiveCfg = Release|Any CPU
		{0DA8BAE0-88E6-489C-912A-5C39CA21CCE7}.Release|x86.Build.0 = Release|Any CPU
		{E0F72A3A-B9C9-46C2-9900-DF21D852D0C1}.Debug|Any CPU.ActiveCfg = Debug|Any CPU
		{E0F72A3A-B9C9-46C2-9900-DF21D852D0C1}.Debug|Any CPU.Build.0 = Debug|Any CPU
		{E0F72A3A-B9C9-46C2-9900-DF21D852D0C1}.Debug|x64.ActiveCfg = Debug|Any CPU
		{E0F72A3A-B9C9-46C2-9900-DF21D852D0C1}.Debug|x64.Build.0 = Debug|Any CPU
		{E0F72A3A-B9C9-46C2-9900-DF21D852D0C1}.Debug|x86.ActiveCfg = Debug|Any CPU
		{E0F72A3A-B9C9-46C2-9900-DF21D852D0C1}.Debug|x86.Build.0 = Debug|Any CPU
		{E0F72A3A-B9C9-46C2-9900-DF21D852D0C1}.Release|Any CPU.ActiveCfg = Release|Any CPU
		{E0F72A3A-B9C9-46C2-9900-DF21D852D0C1}.Release|Any CPU.Build.0 = Release|Any CPU
		{E0F72A3A-B9C9-46C2-9900-DF21D852D0C1}.Release|x64.ActiveCfg = Release|Any CPU
		{E0F72A3A-B9C9-46C2-9900-DF21D852D0C1}.Release|x64.Build.0 = Release|Any CPU
		{E0F72A3A-B9C9-46C2-9900-DF21D852D0C1}.Release|x86.ActiveCfg = Release|Any CPU
		{E0F72A3A-B9C9-46C2-9900-DF21D852D0C1}.Release|x86.Build.0 = Release|Any CPU
		{87A7C4D4-82A5-4920-B89F-DC061D46D537}.Debug|Any CPU.ActiveCfg = Debug|Any CPU
		{87A7C4D4-82A5-4920-B89F-DC061D46D537}.Debug|Any CPU.Build.0 = Debug|Any CPU
		{87A7C4D4-82A5-4920-B89F-DC061D46D537}.Debug|x64.ActiveCfg = Debug|Any CPU
		{87A7C4D4-82A5-4920-B89F-DC061D46D537}.Debug|x64.Build.0 = Debug|Any CPU
		{87A7C4D4-82A5-4920-B89F-DC061D46D537}.Debug|x86.ActiveCfg = Debug|Any CPU
		{87A7C4D4-82A5-4920-B89F-DC061D46D537}.Debug|x86.Build.0 = Debug|Any CPU
		{87A7C4D4-82A5-4920-B89F-DC061D46D537}.Release|Any CPU.ActiveCfg = Release|Any CPU
		{87A7C4D4-82A5-4920-B89F-DC061D46D537}.Release|Any CPU.Build.0 = Release|Any CPU
		{87A7C4D4-82A5-4920-B89F-DC061D46D537}.Release|x64.ActiveCfg = Release|Any CPU
		{87A7C4D4-82A5-4920-B89F-DC061D46D537}.Release|x64.Build.0 = Release|Any CPU
		{87A7C4D4-82A5-4920-B89F-DC061D46D537}.Release|x86.ActiveCfg = Release|Any CPU
		{87A7C4D4-82A5-4920-B89F-DC061D46D537}.Release|x86.Build.0 = Release|Any CPU
		{987EA34B-3680-44DE-8401-B199296D4B92}.Debug|Any CPU.ActiveCfg = Debug|Any CPU
		{987EA34B-3680-44DE-8401-B199296D4B92}.Debug|Any CPU.Build.0 = Debug|Any CPU
		{987EA34B-3680-44DE-8401-B199296D4B92}.Debug|x64.ActiveCfg = Debug|Any CPU
		{987EA34B-3680-44DE-8401-B199296D4B92}.Debug|x64.Build.0 = Debug|Any CPU
		{987EA34B-3680-44DE-8401-B199296D4B92}.Debug|x86.ActiveCfg = Debug|Any CPU
		{987EA34B-3680-44DE-8401-B199296D4B92}.Debug|x86.Build.0 = Debug|Any CPU
		{987EA34B-3680-44DE-8401-B199296D4B92}.Release|Any CPU.ActiveCfg = Release|Any CPU
		{987EA34B-3680-44DE-8401-B199296D4B92}.Release|Any CPU.Build.0 = Release|Any CPU
		{987EA34B-3680-44DE-8401-B199296D4B92}.Release|x64.ActiveCfg = Release|Any CPU
		{987EA34B-3680-44DE-8401-B199296D4B92}.Release|x64.Build.0 = Release|Any CPU
		{987EA34B-3680-44DE-8401-B199296D4B92}.Release|x86.ActiveCfg = Release|Any CPU
		{987EA34B-3680-44DE-8401-B199296D4B92}.Release|x86.Build.0 = Release|Any CPU
		{0D4EF064-63C6-4C3B-B0A6-2A4EE16F27BE}.Debug|Any CPU.ActiveCfg = Debug|Any CPU
		{0D4EF064-63C6-4C3B-B0A6-2A4EE16F27BE}.Debug|Any CPU.Build.0 = Debug|Any CPU
		{0D4EF064-63C6-4C3B-B0A6-2A4EE16F27BE}.Debug|x64.ActiveCfg = Debug|Any CPU
		{0D4EF064-63C6-4C3B-B0A6-2A4EE16F27BE}.Debug|x64.Build.0 = Debug|Any CPU
		{0D4EF064-63C6-4C3B-B0A6-2A4EE16F27BE}.Debug|x86.ActiveCfg = Debug|Any CPU
		{0D4EF064-63C6-4C3B-B0A6-2A4EE16F27BE}.Debug|x86.Build.0 = Debug|Any CPU
		{0D4EF064-63C6-4C3B-B0A6-2A4EE16F27BE}.Release|Any CPU.ActiveCfg = Release|Any CPU
		{0D4EF064-63C6-4C3B-B0A6-2A4EE16F27BE}.Release|Any CPU.Build.0 = Release|Any CPU
		{0D4EF064-63C6-4C3B-B0A6-2A4EE16F27BE}.Release|x64.ActiveCfg = Release|Any CPU
		{0D4EF064-63C6-4C3B-B0A6-2A4EE16F27BE}.Release|x64.Build.0 = Release|Any CPU
		{0D4EF064-63C6-4C3B-B0A6-2A4EE16F27BE}.Release|x86.ActiveCfg = Release|Any CPU
		{0D4EF064-63C6-4C3B-B0A6-2A4EE16F27BE}.Release|x86.Build.0 = Release|Any CPU
		{7ECCEA28-A096-496B-BFA1-DB752C329C2B}.Debug|Any CPU.ActiveCfg = Debug|Any CPU
		{7ECCEA28-A096-496B-BFA1-DB752C329C2B}.Debug|Any CPU.Build.0 = Debug|Any CPU
		{7ECCEA28-A096-496B-BFA1-DB752C329C2B}.Debug|x64.ActiveCfg = Debug|Any CPU
		{7ECCEA28-A096-496B-BFA1-DB752C329C2B}.Debug|x64.Build.0 = Debug|Any CPU
		{7ECCEA28-A096-496B-BFA1-DB752C329C2B}.Debug|x86.ActiveCfg = Debug|Any CPU
		{7ECCEA28-A096-496B-BFA1-DB752C329C2B}.Debug|x86.Build.0 = Debug|Any CPU
		{7ECCEA28-A096-496B-BFA1-DB752C329C2B}.Release|Any CPU.ActiveCfg = Release|Any CPU
		{7ECCEA28-A096-496B-BFA1-DB752C329C2B}.Release|Any CPU.Build.0 = Release|Any CPU
		{7ECCEA28-A096-496B-BFA1-DB752C329C2B}.Release|x64.ActiveCfg = Release|Any CPU
		{7ECCEA28-A096-496B-BFA1-DB752C329C2B}.Release|x64.Build.0 = Release|Any CPU
		{7ECCEA28-A096-496B-BFA1-DB752C329C2B}.Release|x86.ActiveCfg = Release|Any CPU
		{7ECCEA28-A096-496B-BFA1-DB752C329C2B}.Release|x86.Build.0 = Release|Any CPU
	EndGlobalSection
	GlobalSection(SolutionProperties) = preSolution
		HideSolutionNode = FALSE
	EndGlobalSection
	GlobalSection(NestedProjects) = preSolution
		{7EFA2FA7-32DD-4047-B021-50E77A83D714} = {C9BFDDC4-5671-47A3-B57D-197C2A51FA8A}
		{13367B7A-E91C-47EE-BA5E-C50664D65767} = {20F29342-7D2A-4E10-8D34-68E90FB857AC}
		{9C156841-9389-4840-82CB-D5A4ED9A6A00} = {2D78692C-2A54-4E68-8373-3E5C11799004}
		{DD1206C1-FC00-44EF-B8BF-0376DAEF4DD7} = {7EFA2FA7-32DD-4047-B021-50E77A83D714}
		{254FDE42-A570-4702-9470-8035533292F6} = {7EFA2FA7-32DD-4047-B021-50E77A83D714}
		{1D92B2D6-2438-4843-8ABF-38A289FFF7C4} = {7EFA2FA7-32DD-4047-B021-50E77A83D714}
		{EB2D720D-E784-4A21-A638-ACD462167FDF} = {7EFA2FA7-32DD-4047-B021-50E77A83D714}
		{2D7E39C4-731C-48D5-9056-9ECADFC8E810} = {2D78692C-2A54-4E68-8373-3E5C11799004}
		{3B6136F3-60EC-4F97-8953-4F571AB212F8} = {2D78692C-2A54-4E68-8373-3E5C11799004}
		{BBC7FFB7-F8BB-44E9-83B7-CD1F089A60CE} = {7EFA2FA7-32DD-4047-B021-50E77A83D714}
		{8132424D-8A37-48FC-9ED7-38C68F176411} = {20F29342-7D2A-4E10-8D34-68E90FB857AC}
		{47F2FCC8-E242-4BA2-B50E-6729A9830018} = {33B67BA0-9CBD-11E9-8E7A-696446151B66}
		{33B67BA0-9CBD-11E9-8E7A-696446151B66} = {D9FD9ABA-AE5E-4427-AA6B-6285BE2E212D}
		{0DA8BAE0-88E6-489C-912A-5C39CA21CCE7} = {7EFA2FA7-32DD-4047-B021-50E77A83D714}
		{E0F72A3A-B9C9-46C2-9900-DF21D852D0C1} = {7EFA2FA7-32DD-4047-B021-50E77A83D714}
		{987EA34B-3680-44DE-8401-B199296D4B92} = {20F29342-7D2A-4E10-8D34-68E90FB857AC}
		{0D4EF064-63C6-4C3B-B0A6-2A4EE16F27BE} = {D9FD9ABA-AE5E-4427-AA6B-6285BE2E212D}
		{7515A970-0312-11EA-8E61-45B24A83BDBF} = {0A27C140-4CCB-40DD-BE48-F5DE16D1177B}
		{2D78692C-2A54-4E68-8373-3E5C11799004} = {C9BFDDC4-5671-47A3-B57D-197C2A51FA8A}
		{20F29342-7D2A-4E10-8D34-68E90FB857AC} = {C9BFDDC4-5671-47A3-B57D-197C2A51FA8A}
		{7ECCEA28-A096-496B-BFA1-DB752C329C2B} = {D9FD9ABA-AE5E-4427-AA6B-6285BE2E212D}
	EndGlobalSection
	GlobalSection(ExtensibilityGlobals) = postSolution
		SolutionGuid = {B9D0D8F0-1AB9-44DD-839F-ED8CEE7DDB10}
	EndGlobalSection
EndGlobal
